// !$*UTF8*$!
{
	archiveVersion = 1;
	classes = {
	};
	objectVersion = 46;
	objects = {

/* Begin PBXBuildFile section */
		28AD3E8918BA893D0041B715 /* Foundation.framework in Frameworks */ = {isa = PBXBuildFile; fileRef = 28AD3E8818BA893D0041B715 /* Foundation.framework */; };
		28AD3E8B18BA893D0041B715 /* CoreGraphics.framework in Frameworks */ = {isa = PBXBuildFile; fileRef = 28AD3E8A18BA893D0041B715 /* CoreGraphics.framework */; };
		28AD3E8D18BA893D0041B715 /* UIKit.framework in Frameworks */ = {isa = PBXBuildFile; fileRef = 28AD3E8C18BA893D0041B715 /* UIKit.framework */; };
		28AD3E8F18BA893D0041B715 /* SpriteKit.framework in Frameworks */ = {isa = PBXBuildFile; fileRef = 28AD3E8E18BA893D0041B715 /* SpriteKit.framework */; };
		28AD3E9518BA893D0041B715 /* InfoPlist.strings in Resources */ = {isa = PBXBuildFile; fileRef = 28AD3E9318BA893D0041B715 /* InfoPlist.strings */; };
		28AD3E9718BA893D0041B715 /* main.m in Sources */ = {isa = PBXBuildFile; fileRef = 28AD3E9618BA893D0041B715 /* main.m */; };
		28AD3E9B18BA893D0041B715 /* MCHAppDelegate.m in Sources */ = {isa = PBXBuildFile; fileRef = 28AD3E9A18BA893D0041B715 /* MCHAppDelegate.m */; };
		28AD3E9E18BA893D0041B715 /* Main.storyboard in Resources */ = {isa = PBXBuildFile; fileRef = 28AD3E9C18BA893D0041B715 /* Main.storyboard */; };
		28AD3EA118BA893D0041B715 /* MCHViewController.m in Sources */ = {isa = PBXBuildFile; fileRef = 28AD3EA018BA893D0041B715 /* MCHViewController.m */; };
		28AD3EA618BA893D0041B715 /* Spaceship.png in Resources */ = {isa = PBXBuildFile; fileRef = 28AD3EA518BA893D0041B715 /* Spaceship.png */; };
		28AD3EA818BA893E0041B715 /* Images.xcassets in Resources */ = {isa = PBXBuildFile; fileRef = 28AD3EA718BA893E0041B715 /* Images.xcassets */; };
		28AD3EAF18BA893E0041B715 /* XCTest.framework in Frameworks */ = {isa = PBXBuildFile; fileRef = 28AD3EAE18BA893E0041B715 /* XCTest.framework */; };
		28AD3EB018BA893E0041B715 /* Foundation.framework in Frameworks */ = {isa = PBXBuildFile; fileRef = 28AD3E8818BA893D0041B715 /* Foundation.framework */; };
		28AD3EB118BA893E0041B715 /* UIKit.framework in Frameworks */ = {isa = PBXBuildFile; fileRef = 28AD3E8C18BA893D0041B715 /* UIKit.framework */; };
		28AD3EB918BA893E0041B715 /* InfoPlist.strings in Resources */ = {isa = PBXBuildFile; fileRef = 28AD3EB718BA893E0041B715 /* InfoPlist.strings */; };
		28AD3EBB18BA893E0041B715 /* iBabyGenderTests.m in Sources */ = {isa = PBXBuildFile; fileRef = 28AD3EBA18BA893E0041B715 /* iBabyGenderTests.m */; };
		28AD3ECA18BA8A290041B715 /* MCHBalloonShootScene.m in Sources */ = {isa = PBXBuildFile; fileRef = 28AD3EC518BA8A290041B715 /* MCHBalloonShootScene.m */; };
		28AD3ECB18BA8A290041B715 /* MCHPlinkoScene.m in Sources */ = {isa = PBXBuildFile; fileRef = 28AD3EC718BA8A290041B715 /* MCHPlinkoScene.m */; };
		28AD3ECC18BA8A290041B715 /* MCHMenuScene.m in Sources */ = {isa = PBXBuildFile; fileRef = 28AD3EC918BA8A290041B715 /* MCHMenuScene.m */; };
		28AD3ECF18BA8D210041B715 /* MCHClassicScene.m in Sources */ = {isa = PBXBuildFile; fileRef = 28AD3ECE18BA8D210041B715 /* MCHClassicScene.m */; };
/* End PBXBuildFile section */

/* Begin PBXContainerItemProxy section */
		28AD3EB218BA893E0041B715 /* PBXContainerItemProxy */ = {
			isa = PBXContainerItemProxy;
			containerPortal = 28AD3E7D18BA893D0041B715 /* Project object */;
			proxyType = 1;
			remoteGlobalIDString = 28AD3E8418BA893D0041B715;
			remoteInfo = iBabyGender;
		};
/* End PBXContainerItemProxy section */

/* Begin PBXFileReference section */
		28AD3E8518BA893D0041B715 /* iBabyGender.app */ = {isa = PBXFileReference; explicitFileType = wrapper.application; includeInIndex = 0; path = iBabyGender.app; sourceTree = BUILT_PRODUCTS_DIR; };
		28AD3E8818BA893D0041B715 /* Foundation.framework */ = {isa = PBXFileReference; lastKnownFileType = wrapper.framework; name = Foundation.framework; path = System/Library/Frameworks/Foundation.framework; sourceTree = SDKROOT; };
		28AD3E8A18BA893D0041B715 /* CoreGraphics.framework */ = {isa = PBXFileReference; lastKnownFileType = wrapper.framework; name = CoreGraphics.framework; path = System/Library/Frameworks/CoreGraphics.framework; sourceTree = SDKROOT; };
		28AD3E8C18BA893D0041B715 /* UIKit.framework */ = {isa = PBXFileReference; lastKnownFileType = wrapper.framework; name = UIKit.framework; path = System/Library/Frameworks/UIKit.framework; sourceTree = SDKROOT; };
		28AD3E8E18BA893D0041B715 /* SpriteKit.framework */ = {isa = PBXFileReference; lastKnownFileType = wrapper.framework; name = SpriteKit.framework; path = System/Library/Frameworks/SpriteKit.framework; sourceTree = SDKROOT; };
		28AD3E9218BA893D0041B715 /* iBabyGender-Info.plist */ = {isa = PBXFileReference; lastKnownFileType = text.plist.xml; path = "iBabyGender-Info.plist"; sourceTree = "<group>"; };
		28AD3E9418BA893D0041B715 /* en */ = {isa = PBXFileReference; lastKnownFileType = text.plist.strings; name = en; path = en.lproj/InfoPlist.strings; sourceTree = "<group>"; };
		28AD3E9618BA893D0041B715 /* main.m */ = {isa = PBXFileReference; lastKnownFileType = sourcecode.c.objc; path = main.m; sourceTree = "<group>"; };
		28AD3E9818BA893D0041B715 /* iBabyGender-Prefix.pch */ = {isa = PBXFileReference; lastKnownFileType = sourcecode.c.h; path = "iBabyGender-Prefix.pch"; sourceTree = "<group>"; };
		28AD3E9918BA893D0041B715 /* MCHAppDelegate.h */ = {isa = PBXFileReference; lastKnownFileType = sourcecode.c.h; path = MCHAppDelegate.h; sourceTree = "<group>"; };
		28AD3E9A18BA893D0041B715 /* MCHAppDelegate.m */ = {isa = PBXFileReference; lastKnownFileType = sourcecode.c.objc; path = MCHAppDelegate.m; sourceTree = "<group>"; };
		28AD3E9D18BA893D0041B715 /* Base */ = {isa = PBXFileReference; lastKnownFileType = file.storyboard; name = Base; path = Base.lproj/Main.storyboard; sourceTree = "<group>"; };
		28AD3E9F18BA893D0041B715 /* MCHViewController.h */ = {isa = PBXFileReference; lastKnownFileType = sourcecode.c.h; path = MCHViewController.h; sourceTree = "<group>"; };
		28AD3EA018BA893D0041B715 /* MCHViewController.m */ = {isa = PBXFileReference; lastKnownFileType = sourcecode.c.objc; path = MCHViewController.m; sourceTree = "<group>"; };
		28AD3EA518BA893D0041B715 /* Spaceship.png */ = {isa = PBXFileReference; lastKnownFileType = image.png; path = Spaceship.png; sourceTree = "<group>"; };
		28AD3EA718BA893E0041B715 /* Images.xcassets */ = {isa = PBXFileReference; lastKnownFileType = folder.assetcatalog; path = Images.xcassets; sourceTree = "<group>"; };
		28AD3EAD18BA893E0041B715 /* iBabyGenderTests.xctest */ = {isa = PBXFileReference; explicitFileType = wrapper.cfbundle; includeInIndex = 0; path = iBabyGenderTests.xctest; sourceTree = BUILT_PRODUCTS_DIR; };
		28AD3EAE18BA893E0041B715 /* XCTest.framework */ = {isa = PBXFileReference; lastKnownFileType = wrapper.framework; name = XCTest.framework; path = Library/Frameworks/XCTest.framework; sourceTree = DEVELOPER_DIR; };
		28AD3EB618BA893E0041B715 /* iBabyGenderTests-Info.plist */ = {isa = PBXFileReference; lastKnownFileType = text.plist.xml; path = "iBabyGenderTests-Info.plist"; sourceTree = "<group>"; };
		28AD3EB818BA893E0041B715 /* en */ = {isa = PBXFileReference; lastKnownFileType = text.plist.strings; name = en; path = en.lproj/InfoPlist.strings; sourceTree = "<group>"; };
		28AD3EBA18BA893E0041B715 /* iBabyGenderTests.m */ = {isa = PBXFileReference; lastKnownFileType = sourcecode.c.objc; path = iBabyGenderTests.m; sourceTree = "<group>"; };
		28AD3EC418BA8A290041B715 /* MCHBalloonShootScene.h */ = {isa = PBXFileReference; fileEncoding = 4; lastKnownFileType = sourcecode.c.h; path = MCHBalloonShootScene.h; sourceTree = "<group>"; };
		28AD3EC518BA8A290041B715 /* MCHBalloonShootScene.m */ = {isa = PBXFileReference; fileEncoding = 4; lastKnownFileType = sourcecode.c.objc; path = MCHBalloonShootScene.m; sourceTree = "<group>"; };
		28AD3EC618BA8A290041B715 /* MCHPlinkoScene.h */ = {isa = PBXFileReference; fileEncoding = 4; lastKnownFileType = sourcecode.c.h; path = MCHPlinkoScene.h; sourceTree = "<group>"; };
		28AD3EC718BA8A290041B715 /* MCHPlinkoScene.m */ = {isa = PBXFileReference; fileEncoding = 4; lastKnownFileType = sourcecode.c.objc; path = MCHPlinkoScene.m; sourceTree = "<group>"; };
		28AD3EC818BA8A290041B715 /* MCHMenuScene.h */ = {isa = PBXFileReference; fileEncoding = 4; lastKnownFileType = sourcecode.c.h; path = MCHMenuScene.h; sourceTree = "<group>"; };
		28AD3EC918BA8A290041B715 /* MCHMenuScene.m */ = {isa = PBXFileReference; fileEncoding = 4; lastKnownFileType = sourcecode.c.objc; path = MCHMenuScene.m; sourceTree = "<group>"; };
		28AD3ECD18BA8D210041B715 /* MCHClassicScene.h */ = {isa = PBXFileReference; fileEncoding = 4; lastKnownFileType = sourcecode.c.h; path = MCHClassicScene.h; sourceTree = "<group>"; };
		28AD3ECE18BA8D210041B715 /* MCHClassicScene.m */ = {isa = PBXFileReference; fileEncoding = 4; lastKnownFileType = sourcecode.c.objc; path = MCHClassicScene.m; sourceTree = "<group>"; };
/* End PBXFileReference section */

/* Begin PBXFrameworksBuildPhase section */
		28AD3E8218BA893D0041B715 /* Frameworks */ = {
			isa = PBXFrameworksBuildPhase;
			buildActionMask = 2147483647;
			files = (
				28AD3E8B18BA893D0041B715 /* CoreGraphics.framework in Frameworks */,
				28AD3E8D18BA893D0041B715 /* UIKit.framework in Frameworks */,
				28AD3E8F18BA893D0041B715 /* SpriteKit.framework in Frameworks */,
				28AD3E8918BA893D0041B715 /* Foundation.framework in Frameworks */,
			);
			runOnlyForDeploymentPostprocessing = 0;
		};
		28AD3EAA18BA893E0041B715 /* Frameworks */ = {
			isa = PBXFrameworksBuildPhase;
			buildActionMask = 2147483647;
			files = (
				28AD3EAF18BA893E0041B715 /* XCTest.framework in Frameworks */,
				28AD3EB118BA893E0041B715 /* UIKit.framework in Frameworks */,
				28AD3EB018BA893E0041B715 /* Foundation.framework in Frameworks */,
			);
			runOnlyForDeploymentPostprocessing = 0;
		};
/* End PBXFrameworksBuildPhase section */

/* Begin PBXGroup section */
		28AD3E7C18BA893D0041B715 = {
			isa = PBXGroup;
			children = (
				28AD3E9018BA893D0041B715 /* iBabyGender */,
				28AD3EB418BA893E0041B715 /* iBabyGenderTests */,
				28AD3E8718BA893D0041B715 /* Frameworks */,
				28AD3E8618BA893D0041B715 /* Products */,
			);
			sourceTree = "<group>";
		};
		28AD3E8618BA893D0041B715 /* Products */ = {
			isa = PBXGroup;
			children = (
				28AD3E8518BA893D0041B715 /* iBabyGender.app */,
				28AD3EAD18BA893E0041B715 /* iBabyGenderTests.xctest */,
			);
			name = Products;
			sourceTree = "<group>";
		};
		28AD3E8718BA893D0041B715 /* Frameworks */ = {
			isa = PBXGroup;
			children = (
				28AD3E8818BA893D0041B715 /* Foundation.framework */,
				28AD3E8A18BA893D0041B715 /* CoreGraphics.framework */,
				28AD3E8C18BA893D0041B715 /* UIKit.framework */,
				28AD3E8E18BA893D0041B715 /* SpriteKit.framework */,
				28AD3EAE18BA893E0041B715 /* XCTest.framework */,
			);
			name = Frameworks;
			sourceTree = "<group>";
		};
		28AD3E9018BA893D0041B715 /* iBabyGender */ = {
			isa = PBXGroup;
			children = (
				28AD3E9918BA893D0041B715 /* MCHAppDelegate.h */,
				28AD3E9A18BA893D0041B715 /* MCHAppDelegate.m */,
				28AD3E9F18BA893D0041B715 /* MCHViewController.h */,
				28AD3EA018BA893D0041B715 /* MCHViewController.m */,
				28AD3EC818BA8A290041B715 /* MCHMenuScene.h */,
				28AD3EC918BA8A290041B715 /* MCHMenuScene.m */,
				28AD3EC418BA8A290041B715 /* MCHBalloonShootScene.h */,
				28AD3EC518BA8A290041B715 /* MCHBalloonShootScene.m */,
				28AD3EC618BA8A290041B715 /* MCHPlinkoScene.h */,
				28AD3EC718BA8A290041B715 /* MCHPlinkoScene.m */,
				28AD3ECD18BA8D210041B715 /* MCHClassicScene.h */,
				28AD3ECE18BA8D210041B715 /* MCHClassicScene.m */,
				28AD3E9C18BA893D0041B715 /* Main.storyboard */,
				28AD3EA518BA893D0041B715 /* Spaceship.png */,
				28AD3EA718BA893E0041B715 /* Images.xcassets */,
				28AD3E9118BA893D0041B715 /* Supporting Files */,
			);
			path = iBabyGender;
			sourceTree = "<group>";
		};
		28AD3E9118BA893D0041B715 /* Supporting Files */ = {
			isa = PBXGroup;
			children = (
				28AD3E9218BA893D0041B715 /* iBabyGender-Info.plist */,
				28AD3E9318BA893D0041B715 /* InfoPlist.strings */,
				28AD3E9618BA893D0041B715 /* main.m */,
				28AD3E9818BA893D0041B715 /* iBabyGender-Prefix.pch */,
			);
			name = "Supporting Files";
			sourceTree = "<group>";
		};
		28AD3EB418BA893E0041B715 /* iBabyGenderTests */ = {
			isa = PBXGroup;
			children = (
				28AD3EBA18BA893E0041B715 /* iBabyGenderTests.m */,
				28AD3EB518BA893E0041B715 /* Supporting Files */,
			);
			path = iBabyGenderTests;
			sourceTree = "<group>";
		};
		28AD3EB518BA893E0041B715 /* Supporting Files */ = {
			isa = PBXGroup;
			children = (
				28AD3EB618BA893E0041B715 /* iBabyGenderTests-Info.plist */,
				28AD3EB718BA893E0041B715 /* InfoPlist.strings */,
			);
			name = "Supporting Files";
			sourceTree = "<group>";
		};
/* End PBXGroup section */

/* Begin PBXNativeTarget section */
		28AD3E8418BA893D0041B715 /* iBabyGender */ = {
			isa = PBXNativeTarget;
			buildConfigurationList = 28AD3EBE18BA893E0041B715 /* Build configuration list for PBXNativeTarget "iBabyGender" */;
			buildPhases = (
				28AD3E8118BA893D0041B715 /* Sources */,
				28AD3E8218BA893D0041B715 /* Frameworks */,
				28AD3E8318BA893D0041B715 /* Resources */,
			);
			buildRules = (
			);
			dependencies = (
			);
			name = iBabyGender;
			productName = iBabyGender;
			productReference = 28AD3E8518BA893D0041B715 /* iBabyGender.app */;
			productType = "com.apple.product-type.application";
		};
		28AD3EAC18BA893E0041B715 /* iBabyGenderTests */ = {
			isa = PBXNativeTarget;
			buildConfigurationList = 28AD3EC118BA893E0041B715 /* Build configuration list for PBXNativeTarget "iBabyGenderTests" */;
			buildPhases = (
				28AD3EA918BA893E0041B715 /* Sources */,
				28AD3EAA18BA893E0041B715 /* Frameworks */,
				28AD3EAB18BA893E0041B715 /* Resources */,
			);
			buildRules = (
			);
			dependencies = (
				28AD3EB318BA893E0041B715 /* PBXTargetDependency */,
			);
			name = iBabyGenderTests;
			productName = iBabyGenderTests;
			productReference = 28AD3EAD18BA893E0041B715 /* iBabyGenderTests.xctest */;
			productType = "com.apple.product-type.bundle.unit-test";
		};
/* End PBXNativeTarget section */

/* Begin PBXProject section */
		28AD3E7D18BA893D0041B715 /* Project object */ = {
			isa = PBXProject;
			attributes = {
				CLASSPREFIX = MCH;
				LastUpgradeCheck = 0500;
				ORGANIZATIONNAME = "Marc Henderson";
				TargetAttributes = {
					28AD3EAC18BA893E0041B715 = {
						TestTargetID = 28AD3E8418BA893D0041B715;
					};
				};
			};
			buildConfigurationList = 28AD3E8018BA893D0041B715 /* Build configuration list for PBXProject "iBabyGender" */;
			compatibilityVersion = "Xcode 3.2";
			developmentRegion = English;
			hasScannedForEncodings = 0;
			knownRegions = (
				en,
				Base,
			);
			mainGroup = 28AD3E7C18BA893D0041B715;
			productRefGroup = 28AD3E8618BA893D0041B715 /* Products */;
			projectDirPath = "";
			projectRoot = "";
			targets = (
				28AD3E8418BA893D0041B715 /* iBabyGender */,
				28AD3EAC18BA893E0041B715 /* iBabyGenderTests */,
			);
		};
/* End PBXProject section */

/* Begin PBXResourcesBuildPhase section */
		28AD3E8318BA893D0041B715 /* Resources */ = {
			isa = PBXResourcesBuildPhase;
			buildActionMask = 2147483647;
			files = (
				28AD3E9518BA893D0041B715 /* InfoPlist.strings in Resources */,
				28AD3EA818BA893E0041B715 /* Images.xcassets in Resources */,
				28AD3EA618BA893D0041B715 /* Spaceship.png in Resources */,
				28AD3E9E18BA893D0041B715 /* Main.storyboard in Resources */,
			);
			runOnlyForDeploymentPostprocessing = 0;
		};
		28AD3EAB18BA893E0041B715 /* Resources */ = {
			isa = PBXResourcesBuildPhase;
			buildActionMask = 2147483647;
			files = (
				28AD3EB918BA893E0041B715 /* InfoPlist.strings in Resources */,
			);
			runOnlyForDeploymentPostprocessing = 0;
		};
/* End PBXResourcesBuildPhase section */

/* Begin PBXSourcesBuildPhase section */
		28AD3E8118BA893D0041B715 /* Sources */ = {
			isa = PBXSourcesBuildPhase;
			buildActionMask = 2147483647;
			files = (
				28AD3E9718BA893D0041B715 /* main.m in Sources */,
				28AD3E9B18BA893D0041B715 /* MCHAppDelegate.m in Sources */,
				28AD3ECF18BA8D210041B715 /* MCHClassicScene.m in Sources */,
				28AD3EA118BA893D0041B715 /* MCHViewController.m in Sources */,
				28AD3ECA18BA8A290041B715 /* MCHBalloonShootScene.m in Sources */,
				28AD3ECC18BA8A290041B715 /* MCHMenuScene.m in Sources */,
				28AD3ECB18BA8A290041B715 /* MCHPlinkoScene.m in Sources */,
			);
			runOnlyForDeploymentPostprocessing = 0;
		};
		28AD3EA918BA893E0041B715 /* Sources */ = {
			isa = PBXSourcesBuildPhase;
			buildActionMask = 2147483647;
			files = (
				28AD3EBB18BA893E0041B715 /* iBabyGenderTests.m in Sources */,
			);
			runOnlyForDeploymentPostprocessing = 0;
		};
/* End PBXSourcesBuildPhase section */

/* Begin PBXTargetDependency section */
		28AD3EB318BA893E0041B715 /* PBXTargetDependency */ = {
			isa = PBXTargetDependency;
			target = 28AD3E8418BA893D0041B715 /* iBabyGender */;
			targetProxy = 28AD3EB218BA893E0041B715 /* PBXContainerItemProxy */;
		};
/* End PBXTargetDependency section */

/* Begin PBXVariantGroup section */
		28AD3E9318BA893D0041B715 /* InfoPlist.strings */ = {
			isa = PBXVariantGroup;
			children = (
				28AD3E9418BA893D0041B715 /* en */,
			);
			name = InfoPlist.strings;
			sourceTree = "<group>";
		};
		28AD3E9C18BA893D0041B715 /* Main.storyboard */ = {
			isa = PBXVariantGroup;
			children = (
				28AD3E9D18BA893D0041B715 /* Base */,
			);
			name = Main.storyboard;
			sourceTree = "<group>";
		};
		28AD3EB718BA893E0041B715 /* InfoPlist.strings */ = {
			isa = PBXVariantGroup;
			children = (
				28AD3EB818BA893E0041B715 /* en */,
			);
			name = InfoPlist.strings;
			sourceTree = "<group>";
		};
/* End PBXVariantGroup section */

/* Begin XCBuildConfiguration section */
		28AD3EBC18BA893E0041B715 /* Debug */ = {
			isa = XCBuildConfiguration;
			buildSettings = {
				ALWAYS_SEARCH_USER_PATHS = NO;
				ARCHS = "$(ARCHS_STANDARD_INCLUDING_64_BIT)";
				CLANG_CXX_LANGUAGE_STANDARD = "gnu++0x";
				CLANG_CXX_LIBRARY = "libc++";
				CLANG_ENABLE_MODULES = YES;
				CLANG_ENABLE_OBJC_ARC = YES;
				CLANG_WARN_BOOL_CONVERSION = YES;
				CLANG_WARN_CONSTANT_CONVERSION = YES;
				CLANG_WARN_DIRECT_OBJC_ISA_USAGE = YES_ERROR;
				CLANG_WARN_EMPTY_BODY = YES;
				CLANG_WARN_ENUM_CONVERSION = YES;
				CLANG_WARN_INT_CONVERSION = YES;
				CLANG_WARN_OBJC_ROOT_CLASS = YES_ERROR;
				CLANG_WARN__DUPLICATE_METHOD_MATCH = YES;
				"CODE_SIGN_IDENTITY[sdk=iphoneos*]" = "iPhone Developer";
				COPY_PHASE_STRIP = NO;
				GCC_C_LANGUAGE_STANDARD = gnu99;
				GCC_DYNAMIC_NO_PIC = NO;
				GCC_OPTIMIZATION_LEVEL = 0;
				GCC_PREPROCESSOR_DEFINITIONS = (
					"DEBUG=1",
					"$(inherited)",
				);
				GCC_SYMBOLS_PRIVATE_EXTERN = NO;
				GCC_WARN_64_TO_32_BIT_CONVERSION = YES;
				GCC_WARN_ABOUT_RETURN_TYPE = YES_ERROR;
				GCC_WARN_UNDECLARED_SELECTOR = YES;
				GCC_WARN_UNINITIALIZED_AUTOS = YES;
				GCC_WARN_UNUSED_FUNCTION = YES;
				GCC_WARN_UNUSED_VARIABLE = YES;
				IPHONEOS_DEPLOYMENT_TARGET = 7.0;
				ONLY_ACTIVE_ARCH = YES;
				SDKROOT = iphoneos;
			};
			name = Debug;
		};
		28AD3EBD18BA893E0041B715 /* Release */ = {
			isa = XCBuildConfiguration;
			buildSettings = {
				ALWAYS_SEARCH_USER_PATHS = NO;
				ARCHS = "$(ARCHS_STANDARD_INCLUDING_64_BIT)";
				CLANG_CXX_LANGUAGE_STANDARD = "gnu++0x";
				CLANG_CXX_LIBRARY = "libc++";
				CLANG_ENABLE_MODULES = YES;
				CLANG_ENABLE_OBJC_ARC = YES;
				CLANG_WARN_BOOL_CONVERSION = YES;
				CLANG_WARN_CONSTANT_CONVERSION = YES;
				CLANG_WARN_DIRECT_OBJC_ISA_USAGE = YES_ERROR;
				CLANG_WARN_EMPTY_BODY = YES;
				CLANG_WARN_ENUM_CONVERSION = YES;
				CLANG_WARN_INT_CONVERSION = YES;
				CLANG_WARN_OBJC_ROOT_CLASS = YES_ERROR;
				CLANG_WARN__DUPLICATE_METHOD_MATCH = YES;
				"CODE_SIGN_IDENTITY[sdk=iphoneos*]" = "iPhone Developer";
				COPY_PHASE_STRIP = YES;
				ENABLE_NS_ASSERTIONS = NO;
				GCC_C_LANGUAGE_STANDARD = gnu99;
				GCC_WARN_64_TO_32_BIT_CONVERSION = YES;
				GCC_WARN_ABOUT_RETURN_TYPE = YES_ERROR;
				GCC_WARN_UNDECLARED_SELECTOR = YES;
				GCC_WARN_UNINITIALIZED_AUTOS = YES;
				GCC_WARN_UNUSED_FUNCTION = YES;
				GCC_WARN_UNUSED_VARIABLE = YES;
				IPHONEOS_DEPLOYMENT_TARGET = 7.0;
				SDKROOT = iphoneos;
				VALIDATE_PRODUCT = YES;
			};
			name = Release;
		};
		28AD3EBF18BA893E0041B715 /* Debug */ = {
			isa = XCBuildConfiguration;
			buildSettings = {
				ASSETCATALOG_COMPILER_APPICON_NAME = AppIcon;
				ASSETCATALOG_COMPILER_LAUNCHIMAGE_NAME = LaunchImage;
				GCC_PRECOMPILE_PREFIX_HEADER = YES;
				GCC_PREFIX_HEADER = "iBabyGender/iBabyGender-Prefix.pch";
				INFOPLIST_FILE = "iBabyGender/iBabyGender-Info.plist";
				PRODUCT_NAME = "$(TARGET_NAME)";
				SPRITEKIT_TEXTURE_ATLAS_OUTPUT = YES;
				WRAPPER_EXTENSION = app;
			};
			name = Debug;
		};
		28AD3EC018BA893E0041B715 /* Release */ = {
			isa = XCBuildConfiguration;
			buildSettings = {
				ASSETCATALOG_COMPILER_APPICON_NAME = AppIcon;
				ASSETCATALOG_COMPILER_LAUNCHIMAGE_NAME = LaunchImage;
				GCC_PRECOMPILE_PREFIX_HEADER = YES;
				GCC_PREFIX_HEADER = "iBabyGender/iBabyGender-Prefix.pch";
				INFOPLIST_FILE = "iBabyGender/iBabyGender-Info.plist";
				PRODUCT_NAME = "$(TARGET_NAME)";
				SPRITEKIT_TEXTURE_ATLAS_OUTPUT = YES;
				WRAPPER_EXTENSION = app;
			};
			name = Release;
		};
		28AD3EC218BA893E0041B715 /* Debug */ = {
			isa = XCBuildConfiguration;
			buildSettings = {
				ARCHS = "$(ARCHS_STANDARD_INCLUDING_64_BIT)";
				BUNDLE_LOADER = "$(BUILT_PRODUCTS_DIR)/iBabyGender.app/iBabyGender";
				FRAMEWORK_SEARCH_PATHS = (
					"$(SDKROOT)/Developer/Library/Frameworks",
					"$(inherited)",
					"$(DEVELOPER_FRAMEWORKS_DIR)",
				);
				GCC_PRECOMPILE_PREFIX_HEADER = YES;
				GCC_PREFIX_HEADER = "iBabyGender/iBabyGender-Prefix.pch";
				GCC_PREPROCESSOR_DEFINITIONS = (
					"DEBUG=1",
					"$(inherited)",
				);
				INFOPLIST_FILE = "iBabyGenderTests/iBabyGenderTests-Info.plist";
				PRODUCT_NAME = "$(TARGET_NAME)";
				TEST_HOST = "$(BUNDLE_LOADER)";
				WRAPPER_EXTENSION = xctest;
			};
			name = Debug;
		};
		28AD3EC318BA893E0041B715 /* Release */ = {
			isa = XCBuildConfiguration;
			buildSettings = {
				ARCHS = "$(ARCHS_STANDARD_INCLUDING_64_BIT)";
				BUNDLE_LOADER = "$(BUILT_PRODUCTS_DIR)/iBabyGender.app/iBabyGender";
				FRAMEWORK_SEARCH_PATHS = (
					"$(SDKROOT)/Developer/Library/Frameworks",
					"$(inherited)",
					"$(DEVELOPER_FRAMEWORKS_DIR)",
				);
				GCC_PRECOMPILE_PREFIX_HEADER = YES;
				GCC_PREFIX_HEADER = "iBabyGender/iBabyGender-Prefix.pch";
				INFOPLIST_FILE = "iBabyGenderTests/iBabyGenderTests-Info.plist";
				PRODUCT_NAME = "$(TARGET_NAME)";
				TEST_HOST = "$(BUNDLE_LOADER)";
				WRAPPER_EXTENSION = xctest;
			};
			name = Release;
		};
/* End XCBuildConfiguration section */

/* Begin XCConfigurationList section */
		28AD3E8018BA893D0041B715 /* Build configuration list for PBXProject "iBabyGender" */ = {
			isa = XCConfigurationList;
			buildConfigurations = (
				28AD3EBC18BA893E0041B715 /* Debug */,
				28AD3EBD18BA893E0041B715 /* Release */,
			);
			defaultConfigurationIsVisible = 0;
			defaultConfigurationName = Release;
		};
		28AD3EBE18BA893E0041B715 /* Build configuration list for PBXNativeTarget "iBabyGender" */ = {
			isa = XCConfigurationList;
			buildConfigurations = (
				28AD3EBF18BA893E0041B715 /* Debug */,
				28AD3EC018BA893E0041B715 /* Release */,
			);
			defaultConfigurationIsVisible = 0;
			defaultConfigurationName = Release;
		};
		28AD3EC118BA893E0041B715 /* Build configuration list for PBXNativeTarget "iBabyGenderTests" */ = {
			isa = XCConfigurationList;
			buildConfigurations = (
				28AD3EC218BA893E0041B715 /* Debug */,
				28AD3EC318BA893E0041B715 /* Release */,
			);
			defaultConfigurationIsVisible = 0;
			defaultConfigurationName = Release;
		};
/* End XCConfigurationList section */
	};
	rootObject = 28AD3E7D18BA893D0041B715 /* Project object */;
}
